	<Project xmlns="http://schemas.microsoft.com/developer/msbuild/2003">
		<PropertyGroup>
			<ProjectGuid>{CB14015B-A05D-4BBB-9E7A-3B4A3F868103}</ProjectGuid>
			<MainSource>Project1.dpr</MainSource>
			<Config Condition="'$(Config)'==''">Debug</Config>
			<DCC_DCCCompiler>DCC32</DCC_DCCCompiler>
			<ProjectVersion>12.0</ProjectVersion>
		</PropertyGroup>
		<PropertyGroup Condition="'$(Config)'=='Base' or '$(Base)'!=''">
			<Base>true</Base>
		</PropertyGroup>
		<PropertyGroup Condition="'$(Config)'=='Release' or '$(Cfg_1)'!=''">
			<Cfg_1>true</Cfg_1>
			<CfgParent>Base</CfgParent>
			<Base>true</Base>
		</PropertyGroup>
		<PropertyGroup Condition="'$(Config)'=='Debug' or '$(Cfg_2)'!=''">
			<Cfg_2>true</Cfg_2>
			<CfgParent>Base</CfgParent>
			<Base>true</Base>
		</PropertyGroup>
		<PropertyGroup Condition="'$(Base)'!=''">
			<DCC_ImageBase>00400000</DCC_ImageBase>
			<DCC_UsePackage>rtl;vclx;vcl;dbrtl;vcldb;dbxcds;dbexpress;dsnap;bdertl;vclactnband;xmlrtl;vclie;inet;inetdbbde;inetdbxpress;vcldbx;Jcl;JclVcl;JvCoreD10R;JvSystemD10R;JvStdCtrlsD10R;JvDBD10R;JvDlgsD10R;dclBTVisualFTPD2006;IndyProtocols;IndySystem;IndyCore</DCC_UsePackage>
			<DCC_UNSAFE_TYPE>true</DCC_UNSAFE_TYPE>
			<DCC_DependencyCheckOutputName>Project1.exe</DCC_DependencyCheckOutputName>
			<DCC_UnitAlias>WinTypes=Windows;WinProcs=Windows;DbiTypes=BDE;DbiProcs=BDE;DbiErrs=BDE;$(DCC_UnitAlias)</DCC_UnitAlias>
			<DCC_Platform>x86</DCC_Platform>
			<DCC_UnitSearchPath>..\..\..\source;..\..\..\source\tests;$(DCC_UnitSearchPath)</DCC_UnitSearchPath>
			<DCC_UNSAFE_CODE>true</DCC_UNSAFE_CODE>
			<DCC_K>false</DCC_K>
			<DCC_N>true</DCC_N>
			<DCC_S>false</DCC_S>
			<DCC_F>false</DCC_F>
			<DCC_UNSAFE_CAST>true</DCC_UNSAFE_CAST>
			<DCC_SymbolReferenceInfo>1</DCC_SymbolReferenceInfo>
			<DCC_E>false</DCC_E>
		</PropertyGroup>
		<PropertyGroup Condition="'$(Cfg_1)'!=''">
			<DCC_LocalDebugSymbols>false</DCC_LocalDebugSymbols>
			<DCC_Define>RELEASE;$(DCC_Define)</DCC_Define>
			<DCC_SymbolReferenceInfo>0</DCC_SymbolReferenceInfo>
			<DCC_DebugInformation>false</DCC_DebugInformation>
		</PropertyGroup>
		<PropertyGroup Condition="'$(Cfg_2)'!=''">
			<DCC_Define>DEBUG;$(DCC_Define)</DCC_Define>
		</PropertyGroup>
		<ItemGroup>
			<DelphiCompile Include="Project1.dpr">
				<MainSource>MainSource</MainSource>
			</DelphiCompile>
			<DCCReference Include="Unit1.pas">
				<Form>Form1</Form>
			</DCCReference>
			<DCCReference Include="Unit2.pas">
				<Form>Form2</Form>
			</DCCReference>
			<BuildConfiguration Include="Base">
				<Key>Base</Key>
			</BuildConfiguration>
			<BuildConfiguration Include="Debug">
				<Key>Cfg_2</Key>
				<CfgParent>Base</CfgParent>
			</BuildConfiguration>
			<BuildConfiguration Include="Release">
				<Key>Cfg_1</Key>
				<CfgParent>Base</CfgParent>
			</BuildConfiguration>
		</ItemGroup>
		<Import Project="$(BDS)\Bin\CodeGear.Delphi.Targets" Condition="Exists('$(BDS)\Bin\CodeGear.Delphi.Targets')"/>
		<ProjectExtensions>
			<Borland.Personality>Delphi.Personality.12</Borland.Personality>
			<Borland.ProjectType/>
			<BorlandProject>
				<Delphi.Personality>
					<Source>
						<Source Name="MainSource">Project1.dpr</Source>
					</Source>
					<Parameters>
						<Parameters Name="UseLauncher">False</Parameters>
						<Parameters Name="LoadAllSymbols">True</Parameters>
						<Parameters Name="LoadUnspecifiedSymbols">False</Parameters>
					</Parameters>
					<VersionInfo>
						<VersionInfo Name="IncludeVerInfo">False</VersionInfo>
						<VersionInfo Name="AutoIncBuild">False</VersionInfo>
						<VersionInfo Name="MajorVer">1</VersionInfo>
						<VersionInfo Name="MinorVer">0</VersionInfo>
						<VersionInfo Name="Release">0</VersionInfo>
						<VersionInfo Name="Build">0</VersionInfo>
						<VersionInfo Name="Debug">False</VersionInfo>
						<VersionInfo Name="PreRelease">False</VersionInfo>
						<VersionInfo Name="Special">False</VersionInfo>
						<VersionInfo Name="Private">False</VersionInfo>
						<VersionInfo Name="DLL">False</VersionInfo>
						<VersionInfo Name="Locale">1031</VersionInfo>
						<VersionInfo Name="CodePage">1252</VersionInfo>
					</VersionInfo>
					<VersionInfoKeys>
						<VersionInfoKeys Name="CompanyName"/>
						<VersionInfoKeys Name="FileDescription"/>
						<VersionInfoKeys Name="FileVersion">1.0.0.0</VersionInfoKeys>
						<VersionInfoKeys Name="InternalName"/>
						<VersionInfoKeys Name="LegalCopyright"/>
						<VersionInfoKeys Name="LegalTrademarks"/>
						<VersionInfoKeys Name="OriginalFilename"/>
						<VersionInfoKeys Name="ProductName"/>
						<VersionInfoKeys Name="ProductVersion">1.0.0.0</VersionInfoKeys>
						<VersionInfoKeys Name="Comments"/>
					</VersionInfoKeys>
					<Excluded_Packages>
						<Excluded_Packages Name="C:\Programme\Borland\BDS\4.0\Bin\dclIndyCore100.bpl">Indy 10 Core Design Time</Excluded_Packages>
						<Excluded_Packages Name="C:\Dokumente und Einstellungen\michael\Eigene Dateien\Borland Studio-Projekte\Bpl\JclProjectAnalysisExpert100.bpl">JCL Project Analyzer</Excluded_Packages>
						<Excluded_Packages Name="C:\Programme\Borland\BDS\4.0\Bin\dclbde100.bpl">Borland BDE DB-Komponenten</Excluded_Packages>
						<Excluded_Packages Name="C:\Dokumente und Einstellungen\michael\Eigene Dateien\Borland Studio-Projekte\Bpl\IBO40XDT_D7.bpl">IB Objects TDataset</Excluded_Packages>
						<Excluded_Packages Name="D:\Michael\Sandbox\Delphi\Bpl\dclBTVisualFTPD2006.bpl">BTVisualFTP 1.8</Excluded_Packages>
						<Excluded_Packages Name="c:\programme\borland\bds\4.0\Bin\dclIndyProtocols100.bpl">Indy 10 Protocols Design Time</Excluded_Packages>
						<Excluded_Packages Name="c:\programme\borland\bds\4.0\Bin\dcldbx100.bpl">Borland dbExpress-Komponenten</Excluded_Packages>
						<Excluded_Packages Name="C:\Dokumente und Einstellungen\michael\Eigene Dateien\Borland Studio-Projekte\Bpl\JvUIBD10D.bpl">JVCL Unified Interbase Components</Excluded_Packages>
						<Excluded_Packages Name="c:\programme\borland\bds\4.0\bin\dclado100.bpl">Borland ADO DB-Komponenten</Excluded_Packages>
						<Excluded_Packages Name="D:\Michael\Sandbox\Delphi\Bpl\BetaWebzzPackage15.bpl">BetaWebzz 1.5 components</Excluded_Packages>
						<Excluded_Packages Name="C:\Dokumente und Einstellungen\michael\Eigene Dateien\Borland Studio-Projekte\Bpl\IBO40CDT_D7.bpl">IB Objects Core Components</Excluded_Packages>
						<Excluded_Packages Name="C:\Dokumente und Einstellungen\michael\Eigene Dateien\Borland Studio-Projekte\Bpl\JvCmpD10D.bpl">JVCL Non-Visual Components</Excluded_Packages>
						<Excluded_Packages Name="c:\programme\borland\bds\4.0\Bin\dclIntraweb_80_100.bpl">Intraweb 8.0 Design Package for Borland Development Studio 2006</Excluded_Packages>
						<Excluded_Packages Name="c:\programme\borland\bds\4.0\Bin\dclofficexp100.bpl">Microsoft Office XP Beispiele für gekapselte Komponenten für Automation Server</Excluded_Packages>
						<Excluded_Packages Name="c:\programme\borland\bds\4.0\Bin\dclsmp100.bpl">Borland Sample Components</Excluded_Packages>
						<Excluded_Packages Name="c:\programme\borland\bds\4.0\Bin\dcl31w100.bpl">Delphi 1.0 Kompatibilitätskomponenten</Excluded_Packages>
						<Excluded_Packages Name="c:\programme\borland\bds\4.0\Bin\dcldbxcds100.bpl">Borland SimpleDataset-Komponente (DBX)</Excluded_Packages>
						<Excluded_Packages Name="c:\programme\borland\bds\4.0\Bin\dclie100.bpl">Internet Explorer-Komponenten</Excluded_Packages>
						<Excluded_Packages Name="c:\programme\borland\bds\4.0\Bin\applet100.bpl">Borland Control Panel Applet-Package</Excluded_Packages>
						<Excluded_Packages Name="C:\Dokumente und Einstellungen\michael\Eigene Dateien\Borland Studio-Projekte\Bpl\JclDebugExpert100.bpl">JCL Debug IDE extension</Excluded_Packages>
						<Excluded_Packages Name="C:\Dokumente und Einstellungen\michael\Eigene Dateien\Borland Studio-Projekte\Bpl\JclRepositoryExpert100.bpl">JCL Package containing repository wizards</Excluded_Packages>
						<Excluded_Packages Name="C:\Dokumente und Einstellungen\michael\Eigene Dateien\Borland Studio-Projekte\Bpl\JclSIMDViewExpert100.bpl">JCL Debug Window of XMM registers</Excluded_Packages>
						<Excluded_Packages Name="C:\Dokumente und Einstellungen\michael\Eigene Dateien\Borland Studio-Projekte\Bpl\JvBDED10D.bpl">JVCL BDE Components</Excluded_Packages>
						<Excluded_Packages Name="C:\Dokumente und Einstellungen\michael\Eigene Dateien\Borland Studio-Projekte\Bpl\JvCryptD10D.bpl">JVCL Encryption and Compression</Excluded_Packages>
						<Excluded_Packages Name="C:\Dokumente und Einstellungen\michael\Eigene Dateien\Borland Studio-Projekte\Bpl\JvDotNetCtrlsD10D.bpl">JVCL DotNet Controls</Excluded_Packages>
						<Excluded_Packages Name="C:\Dokumente und Einstellungen\michael\Eigene Dateien\Borland Studio-Projekte\Bpl\JvEDID10D.bpl">JVCL EDI Components</Excluded_Packages>
						<Excluded_Packages Name="C:\Dokumente und Einstellungen\michael\Eigene Dateien\Borland Studio-Projekte\Bpl\JvGlobusD10D.bpl">JVCL Globus Components</Excluded_Packages>
						<Excluded_Packages Name="C:\Dokumente und Einstellungen\michael\Eigene Dateien\Borland Studio-Projekte\Bpl\JvHMID10D.bpl">JVCL HMI Controls</Excluded_Packages>
						<Excluded_Packages Name="C:\Dokumente und Einstellungen\michael\Eigene Dateien\Borland Studio-Projekte\Bpl\JvInterpreterD10D.bpl">JVCL Interpreter Components</Excluded_Packages>
						<Excluded_Packages Name="C:\Dokumente und Einstellungen\michael\Eigene Dateien\Borland Studio-Projekte\Bpl\JvPluginD10D.bpl">JVCL Plugin Components</Excluded_Packages>
						<Excluded_Packages Name="C:\Dokumente und Einstellungen\michael\Eigene Dateien\Borland Studio-Projekte\Bpl\JvPrintPreviewD10D.bpl">JVCL Print Preview Components</Excluded_Packages>
						<Excluded_Packages Name="C:\Dokumente und Einstellungen\michael\Eigene Dateien\Borland Studio-Projekte\Bpl\JvRuntimeDesignD10D.bpl">JVCL Runtime Design Components</Excluded_Packages>
						<Excluded_Packages Name="C:\Dokumente und Einstellungen\michael\Eigene Dateien\Borland Studio-Projekte\Bpl\JvSystemD10D.bpl">JVCL System Components</Excluded_Packages>
						<Excluded_Packages Name="C:\Dokumente und Einstellungen\michael\Eigene Dateien\Borland Studio-Projekte\Bpl\JvWizardD10D.bpl">JVCL Wizard</Excluded_Packages>
						<Excluded_Packages Name="C:\Dokumente und Einstellungen\michael\Eigene Dateien\Borland Studio-Projekte\Bpl\JvJansD10D.bpl">JVCL Jans Components</Excluded_Packages>
						<Excluded_Packages Name="C:\Dokumente und Einstellungen\michael\Eigene Dateien\Borland Studio-Projekte\Bpl\JvManagedThreadsD10D.bpl">JVCL Managed Threads</Excluded_Packages>
						<Excluded_Packages Name="C:\Dokumente und Einstellungen\michael\Eigene Dateien\Borland Studio-Projekte\Bpl\JvMMD10D.bpl">JVCL Multimedia and Image Components</Excluded_Packages>
						<Excluded_Packages Name="C:\Dokumente und Einstellungen\michael\Eigene Dateien\Borland Studio-Projekte\Bpl\JvNetD10D.bpl">JVCL Network Components</Excluded_Packages>
						<Excluded_Packages Name="C:\Dokumente und Einstellungen\michael\Eigene Dateien\Borland Studio-Projekte\Bpl\JvValidatorsD10D.bpl">JVCL Validators and Error Provider Components</Excluded_Packages>
						<Excluded_Packages Name="C:\Dokumente und Einstellungen\michael\Eigene Dateien\Borland Studio-Projekte\Bpl\JvXPCtrlsD10D.bpl">JVCL XP Controls</Excluded_Packages>
						<Excluded_Packages Name="c:\programme\borland\bds\4.0\Bin\dcltee100.bpl">TeeChart-Komponenten</Excluded_Packages>
						<Excluded_Packages Name="D:\Michael\Sandbox\Delphi\Bpl\dclXBConnectD2006.bpl">XB_Connect 0.9</Excluded_Packages>
					</Excluded_Packages>
				</Delphi.Personality>
			</BorlandProject>
			<ProjectFileVersion>12</ProjectFileVersion>
		</ProjectExtensions>
	</Project>
